// !$*UTF8*$!
{
	archiveVersion = 1;
	classes = {
	};
	objectVersion = 46;
	objects = {

/* Begin PBXBuildFile section */
		6288383B1C05830900C2C4A2 /* JYPlayViewController.m in Sources */ = {isa = PBXBuildFile; fileRef = 6288383A1C05830900C2C4A2 /* JYPlayViewController.m */; };
		6288383E1C058D1B00C2C4A2 /* JYPlayHeaderView.m in Sources */ = {isa = PBXBuildFile; fileRef = 6288383D1C058D1B00C2C4A2 /* JYPlayHeaderView.m */; };
		628838411C05A27000C2C4A2 /* JYPlayOperationView.m in Sources */ = {isa = PBXBuildFile; fileRef = 628838401C05A27000C2C4A2 /* JYPlayOperationView.m */; };
		62952F571C04473A00558652 /* JYListViewController.m in Sources */ = {isa = PBXBuildFile; fileRef = 62952F561C04473A00558652 /* JYListViewController.m */; };
		62952F5A1C044D4500558652 /* JYListTableViewDataSource.m in Sources */ = {isa = PBXBuildFile; fileRef = 62952F591C044D4500558652 /* JYListTableViewDataSource.m */; };
		62952F621C044F6A00558652 /* JYDataTool.m in Sources */ = {isa = PBXBuildFile; fileRef = 62952F611C044F6A00558652 /* JYDataTool.m */; };
		62952F641C0450D500558652 /* Musics.plist in Resources */ = {isa = PBXBuildFile; fileRef = 62952F631C0450D500558652 /* Musics.plist */; };
		62952F671C04510100558652 /* JYSong.m in Sources */ = {isa = PBXBuildFile; fileRef = 62952F661C04510100558652 /* JYSong.m */; };
		6295301F1C04550000558652 /* MJDictionaryCache.m in Sources */ = {isa = PBXBuildFile; fileRef = 629530091C04550000558652 /* MJDictionaryCache.m */; };
		629530201C04550000558652 /* MJExtensionConst.m in Sources */ = {isa = PBXBuildFile; fileRef = 6295300C1C04550000558652 /* MJExtensionConst.m */; };
		629530211C04550000558652 /* MJFoundation.m in Sources */ = {isa = PBXBuildFile; fileRef = 6295300E1C04550000558652 /* MJFoundation.m */; };
		629530221C04550100558652 /* MJProperty.m in Sources */ = {isa = PBXBuildFile; fileRef = 629530101C04550000558652 /* MJProperty.m */; };
		629530231C04550100558652 /* MJPropertyKey.m in Sources */ = {isa = PBXBuildFile; fileRef = 629530121C04550000558652 /* MJPropertyKey.m */; };
		629530241C04550100558652 /* MJPropertyType.m in Sources */ = {isa = PBXBuildFile; fileRef = 629530141C04550000558652 /* MJPropertyType.m */; };
		629530251C04550100558652 /* NSObject+MJClass.m in Sources */ = {isa = PBXBuildFile; fileRef = 629530161C04550000558652 /* NSObject+MJClass.m */; };
		629530261C04550100558652 /* NSObject+MJCoding.m in Sources */ = {isa = PBXBuildFile; fileRef = 629530181C04550000558652 /* NSObject+MJCoding.m */; };
		629530271C04550100558652 /* NSObject+MJKeyValue.m in Sources */ = {isa = PBXBuildFile; fileRef = 6295301A1C04550000558652 /* NSObject+MJKeyValue.m */; };
		629530281C04550100558652 /* NSObject+MJProperty.m in Sources */ = {isa = PBXBuildFile; fileRef = 6295301C1C04550000558652 /* NSObject+MJProperty.m */; };
		629530291C04550100558652 /* NSString+MJExtension.m in Sources */ = {isa = PBXBuildFile; fileRef = 6295301E1C04550000558652 /* NSString+MJExtension.m */; };
		6295302C1C045AD900558652 /* JYListTableViewCell.m in Sources */ = {isa = PBXBuildFile; fileRef = 6295302B1C045AD900558652 /* JYListTableViewCell.m */; };
		629530491C045BC200558652 /* MASCompositeConstraint.m in Sources */ = {isa = PBXBuildFile; fileRef = 629530301C045BC200558652 /* MASCompositeConstraint.m */; };
		6295304A1C045BC200558652 /* MASConstraint.m in Sources */ = {isa = PBXBuildFile; fileRef = 629530331C045BC200558652 /* MASConstraint.m */; };
		6295304B1C045BC200558652 /* MASConstraintMaker.m in Sources */ = {isa = PBXBuildFile; fileRef = 629530351C045BC200558652 /* MASConstraintMaker.m */; };
		6295304C1C045BC200558652 /* MASLayoutConstraint.m in Sources */ = {isa = PBXBuildFile; fileRef = 629530371C045BC200558652 /* MASLayoutConstraint.m */; };
		6295304D1C045BC200558652 /* MASViewAttribute.m in Sources */ = {isa = PBXBuildFile; fileRef = 6295303B1C045BC200558652 /* MASViewAttribute.m */; };
		6295304E1C045BC200558652 /* MASViewConstraint.m in Sources */ = {isa = PBXBuildFile; fileRef = 6295303D1C045BC200558652 /* MASViewConstraint.m */; };
		6295304F1C045BC200558652 /* NSArray+MASAdditions.m in Sources */ = {isa = PBXBuildFile; fileRef = 6295303F1C045BC200558652 /* NSArray+MASAdditions.m */; };
		629530501C045BC200558652 /* NSLayoutConstraint+MASDebugAdditions.m in Sources */ = {isa = PBXBuildFile; fileRef = 629530421C045BC200558652 /* NSLayoutConstraint+MASDebugAdditions.m */; };
		629530511C045BC200558652 /* View+MASAdditions.m in Sources */ = {isa = PBXBuildFile; fileRef = 629530441C045BC200558652 /* View+MASAdditions.m */; };
		629530521C045BC200558652 /* ViewController+MASAdditions.m in Sources */ = {isa = PBXBuildFile; fileRef = 629530471C045BC200558652 /* ViewController+MASAdditions.m */; };
		62A2C5531C04413C00B8BEBE /* main.m in Sources */ = {isa = PBXBuildFile; fileRef = 62A2C5521C04413C00B8BEBE /* main.m */; };
		62A2C5561C04413C00B8BEBE /* AppDelegate.m in Sources */ = {isa = PBXBuildFile; fileRef = 62A2C5551C04413C00B8BEBE /* AppDelegate.m */; };
		62A2C55C1C04413C00B8BEBE /* Main.storyboard in Resources */ = {isa = PBXBuildFile; fileRef = 62A2C55A1C04413C00B8BEBE /* Main.storyboard */; };
		62A2C55E1C04413C00B8BEBE /* Assets.xcassets in Resources */ = {isa = PBXBuildFile; fileRef = 62A2C55D1C04413C00B8BEBE /* Assets.xcassets */; };
		62A2C5611C04413C00B8BEBE /* LaunchScreen.storyboard in Resources */ = {isa = PBXBuildFile; fileRef = 62A2C55F1C04413C00B8BEBE /* LaunchScreen.storyboard */; };
		62A2C56C1C04413C00B8BEBE /* JYQQMusicTests.m in Sources */ = {isa = PBXBuildFile; fileRef = 62A2C56B1C04413C00B8BEBE /* JYQQMusicTests.m */; };
		62A2C5771C04413C00B8BEBE /* JYQQMusicUITests.m in Sources */ = {isa = PBXBuildFile; fileRef = 62A2C5761C04413C00B8BEBE /* JYQQMusicUITests.m */; };
/* End PBXBuildFile section */

/* Begin PBXContainerItemProxy section */
		62A2C5681C04413C00B8BEBE /* PBXContainerItemProxy */ = {
			isa = PBXContainerItemProxy;
			containerPortal = 62A2C5461C04413C00B8BEBE /* Project object */;
			proxyType = 1;
			remoteGlobalIDString = 62A2C54D1C04413C00B8BEBE;
			remoteInfo = JYQQMusic;
		};
		62A2C5731C04413C00B8BEBE /* PBXContainerItemProxy */ = {
			isa = PBXContainerItemProxy;
			containerPortal = 62A2C5461C04413C00B8BEBE /* Project object */;
			proxyType = 1;
			remoteGlobalIDString = 62A2C54D1C04413C00B8BEBE;
			remoteInfo = JYQQMusic;
		};
/* End PBXContainerItemProxy section */

/* Begin PBXFileReference section */
		628838391C05830900C2C4A2 /* JYPlayViewController.h */ = {isa = PBXFileReference; fileEncoding = 4; lastKnownFileType = sourcecode.c.h; path = JYPlayViewController.h; sourceTree = "<group>"; };
		6288383A1C05830900C2C4A2 /* JYPlayViewController.m */ = {isa = PBXFileReference; fileEncoding = 4; lastKnownFileType = sourcecode.c.objc; path = JYPlayViewController.m; sourceTree = "<group>"; };
		6288383C1C058D1B00C2C4A2 /* JYPlayHeaderView.h */ = {isa = PBXFileReference; fileEncoding = 4; lastKnownFileType = sourcecode.c.h; path = JYPlayHeaderView.h; sourceTree = "<group>"; };
		6288383D1C058D1B00C2C4A2 /* JYPlayHeaderView.m */ = {isa = PBXFileReference; fileEncoding = 4; lastKnownFileType = sourcecode.c.objc; path = JYPlayHeaderView.m; sourceTree = "<group>"; };
		6288383F1C05A27000C2C4A2 /* JYPlayOperationView.h */ = {isa = PBXFileReference; fileEncoding = 4; lastKnownFileType = sourcecode.c.h; path = JYPlayOperationView.h; sourceTree = "<group>"; };
		628838401C05A27000C2C4A2 /* JYPlayOperationView.m */ = {isa = PBXFileReference; fileEncoding = 4; lastKnownFileType = sourcecode.c.objc; path = JYPlayOperationView.m; sourceTree = "<group>"; };
		62952F551C04473A00558652 /* JYListViewController.h */ = {isa = PBXFileReference; fileEncoding = 4; lastKnownFileType = sourcecode.c.h; path = JYListViewController.h; sourceTree = "<group>"; };
		62952F561C04473A00558652 /* JYListViewController.m */ = {isa = PBXFileReference; fileEncoding = 4; lastKnownFileType = sourcecode.c.objc; path = JYListViewController.m; sourceTree = "<group>"; };
		62952F581C044D4500558652 /* JYListTableViewDataSource.h */ = {isa = PBXFileReference; fileEncoding = 4; lastKnownFileType = sourcecode.c.h; name = JYListTableViewDataSource.h; path = JYQQMusic/ListInterface/Model/JYListTableViewDataSource.h; sourceTree = SOURCE_ROOT; };
		62952F591C044D4500558652 /* JYListTableViewDataSource.m */ = {isa = PBXFileReference; fileEncoding = 4; lastKnownFileType = sourcecode.c.objc; name = JYListTableViewDataSource.m; path = JYQQMusic/ListInterface/Model/JYListTableViewDataSource.m; sourceTree = SOURCE_ROOT; };
		62952F601C044F6A00558652 /* JYDataTool.h */ = {isa = PBXFileReference; fileEncoding = 4; lastKnownFileType = sourcecode.c.h; name = JYDataTool.h; path = JYQQMusic/Other/Tool/JYDataTool.h; sourceTree = SOURCE_ROOT; };
		62952F611C044F6A00558652 /* JYDataTool.m */ = {isa = PBXFileReference; fileEncoding = 4; lastKnownFileType = sourcecode.c.objc; name = JYDataTool.m; path = JYQQMusic/Other/Tool/JYDataTool.m; sourceTree = SOURCE_ROOT; };
		62952F631C0450D500558652 /* Musics.plist */ = {isa = PBXFileReference; fileEncoding = 4; lastKnownFileType = text.plist.xml; path = Musics.plist; sourceTree = "<group>"; };
		62952F651C04510100558652 /* JYSong.h */ = {isa = PBXFileReference; fileEncoding = 4; lastKnownFileType = sourcecode.c.h; name = JYSong.h; path = JYQQMusic/ListInterface/Model/JYSong.h; sourceTree = SOURCE_ROOT; };
		62952F661C04510100558652 /* JYSong.m */ = {isa = PBXFileReference; fileEncoding = 4; lastKnownFileType = sourcecode.c.objc; name = JYSong.m; path = JYQQMusic/ListInterface/Model/JYSong.m; sourceTree = SOURCE_ROOT; };
		629530081C04550000558652 /* MJDictionaryCache.h */ = {isa = PBXFileReference; fileEncoding = 4; lastKnownFileType = sourcecode.c.h; path = MJDictionaryCache.h; sourceTree = "<group>"; };
		629530091C04550000558652 /* MJDictionaryCache.m */ = {isa = PBXFileReference; fileEncoding = 4; lastKnownFileType = sourcecode.c.objc; path = MJDictionaryCache.m; sourceTree = "<group>"; };
		6295300A1C04550000558652 /* MJExtension.h */ = {isa = PBXFileReference; fileEncoding = 4; lastKnownFileType = sourcecode.c.h; path = MJExtension.h; sourceTree = "<group>"; };
		6295300B1C04550000558652 /* MJExtensionConst.h */ = {isa = PBXFileReference; fileEncoding = 4; lastKnownFileType = sourcecode.c.h; path = MJExtensionConst.h; sourceTree = "<group>"; };
		6295300C1C04550000558652 /* MJExtensionConst.m */ = {isa = PBXFileReference; fileEncoding = 4; lastKnownFileType = sourcecode.c.objc; path = MJExtensionConst.m; sourceTree = "<group>"; };
		6295300D1C04550000558652 /* MJFoundation.h */ = {isa = PBXFileReference; fileEncoding = 4; lastKnownFileType = sourcecode.c.h; path = MJFoundation.h; sourceTree = "<group>"; };
		6295300E1C04550000558652 /* MJFoundation.m */ = {isa = PBXFileReference; fileEncoding = 4; lastKnownFileType = sourcecode.c.objc; path = MJFoundation.m; sourceTree = "<group>"; };
		6295300F1C04550000558652 /* MJProperty.h */ = {isa = PBXFileReference; fileEncoding = 4; lastKnownFileType = sourcecode.c.h; path = MJProperty.h; sourceTree = "<group>"; };
		629530101C04550000558652 /* MJProperty.m */ = {isa = PBXFileReference; fileEncoding = 4; lastKnownFileType = sourcecode.c.objc; path = MJProperty.m; sourceTree = "<group>"; };
		629530111C04550000558652 /* MJPropertyKey.h */ = {isa = PBXFileReference; fileEncoding = 4; lastKnownFileType = sourcecode.c.h; path = MJPropertyKey.h; sourceTree = "<group>"; };
		629530121C04550000558652 /* MJPropertyKey.m */ = {isa = PBXFileReference; fileEncoding = 4; lastKnownFileType = sourcecode.c.objc; path = MJPropertyKey.m; sourceTree = "<group>"; };
		629530131C04550000558652 /* MJPropertyType.h */ = {isa = PBXFileReference; fileEncoding = 4; lastKnownFileType = sourcecode.c.h; path = MJPropertyType.h; sourceTree = "<group>"; };
		629530141C04550000558652 /* MJPropertyType.m */ = {isa = PBXFileReference; fileEncoding = 4; lastKnownFileType = sourcecode.c.objc; path = MJPropertyType.m; sourceTree = "<group>"; };
		629530151C04550000558652 /* NSObject+MJClass.h */ = {isa = PBXFileReference; fileEncoding = 4; lastKnownFileType = sourcecode.c.h; path = "NSObject+MJClass.h"; sourceTree = "<group>"; };
		629530161C04550000558652 /* NSObject+MJClass.m */ = {isa = PBXFileReference; fileEncoding = 4; lastKnownFileType = sourcecode.c.objc; path = "NSObject+MJClass.m"; sourceTree = "<group>"; };
		629530171C04550000558652 /* NSObject+MJCoding.h */ = {isa = PBXFileReference; fileEncoding = 4; lastKnownFileType = sourcecode.c.h; path = "NSObject+MJCoding.h"; sourceTree = "<group>"; };
		629530181C04550000558652 /* NSObject+MJCoding.m */ = {isa = PBXFileReference; fileEncoding = 4; lastKnownFileType = sourcecode.c.objc; path = "NSObject+MJCoding.m"; sourceTree = "<group>"; };
		629530191C04550000558652 /* NSObject+MJKeyValue.h */ = {isa = PBXFileReference; fileEncoding = 4; lastKnownFileType = sourcecode.c.h; path = "NSObject+MJKeyValue.h"; sourceTree = "<group>"; };
		6295301A1C04550000558652 /* NSObject+MJKeyValue.m */ = {isa = PBXFileReference; fileEncoding = 4; lastKnownFileType = sourcecode.c.objc; path = "NSObject+MJKeyValue.m"; sourceTree = "<group>"; };
		6295301B1C04550000558652 /* NSObject+MJProperty.h */ = {isa = PBXFileReference; fileEncoding = 4; lastKnownFileType = sourcecode.c.h; path = "NSObject+MJProperty.h"; sourceTree = "<group>"; };
		6295301C1C04550000558652 /* NSObject+MJProperty.m */ = {isa = PBXFileReference; fileEncoding = 4; lastKnownFileType = sourcecode.c.objc; path = "NSObject+MJProperty.m"; sourceTree = "<group>"; };
		6295301D1C04550000558652 /* NSString+MJExtension.h */ = {isa = PBXFileReference; fileEncoding = 4; lastKnownFileType = sourcecode.c.h; path = "NSString+MJExtension.h"; sourceTree = "<group>"; };
		6295301E1C04550000558652 /* NSString+MJExtension.m */ = {isa = PBXFileReference; fileEncoding = 4; lastKnownFileType = sourcecode.c.objc; path = "NSString+MJExtension.m"; sourceTree = "<group>"; };
		6295302A1C045AD900558652 /* JYListTableViewCell.h */ = {isa = PBXFileReference; fileEncoding = 4; lastKnownFileType = sourcecode.c.h; path = JYListTableViewCell.h; sourceTree = "<group>"; };
		6295302B1C045AD900558652 /* JYListTableViewCell.m */ = {isa = PBXFileReference; fileEncoding = 4; lastKnownFileType = sourcecode.c.objc; path = JYListTableViewCell.m; sourceTree = "<group>"; };
		6295302F1C045BC200558652 /* MASCompositeConstraint.h */ = {isa = PBXFileReference; fileEncoding = 4; lastKnownFileType = sourcecode.c.h; path = MASCompositeConstraint.h; sourceTree = "<group>"; };
		629530301C045BC200558652 /* MASCompositeConstraint.m */ = {isa = PBXFileReference; fileEncoding = 4; lastKnownFileType = sourcecode.c.objc; path = MASCompositeConstraint.m; sourceTree = "<group>"; };
		629530311C045BC200558652 /* MASConstraint+Private.h */ = {isa = PBXFileReference; fileEncoding = 4; lastKnownFileType = sourcecode.c.h; path = "MASConstraint+Private.h"; sourceTree = "<group>"; };
		629530321C045BC200558652 /* MASConstraint.h */ = {isa = PBXFileReference; fileEncoding = 4; lastKnownFileType = sourcecode.c.h; path = MASConstraint.h; sourceTree = "<group>"; };
		629530331C045BC200558652 /* MASConstraint.m */ = {isa = PBXFileReference; fileEncoding = 4; lastKnownFileType = sourcecode.c.objc; path = MASConstraint.m; sourceTree = "<group>"; };
		629530341C045BC200558652 /* MASConstraintMaker.h */ = {isa = PBXFileReference; fileEncoding = 4; lastKnownFileType = sourcecode.c.h; path = MASConstraintMaker.h; sourceTree = "<group>"; };
		629530351C045BC200558652 /* MASConstraintMaker.m */ = {isa = PBXFileReference; fileEncoding = 4; lastKnownFileType = sourcecode.c.objc; path = MASConstraintMaker.m; sourceTree = "<group>"; };
		629530361C045BC200558652 /* MASLayoutConstraint.h */ = {isa = PBXFileReference; fileEncoding = 4; lastKnownFileType = sourcecode.c.h; path = MASLayoutConstraint.h; sourceTree = "<group>"; };
		629530371C045BC200558652 /* MASLayoutConstraint.m */ = {isa = PBXFileReference; fileEncoding = 4; lastKnownFileType = sourcecode.c.objc; path = MASLayoutConstraint.m; sourceTree = "<group>"; };
		629530381C045BC200558652 /* Masonry.h */ = {isa = PBXFileReference; fileEncoding = 4; lastKnownFileType = sourcecode.c.h; path = Masonry.h; sourceTree = "<group>"; };
		629530391C045BC200558652 /* MASUtilities.h */ = {isa = PBXFileReference; fileEncoding = 4; lastKnownFileType = sourcecode.c.h; path = MASUtilities.h; sourceTree = "<group>"; };
		6295303A1C045BC200558652 /* MASViewAttribute.h */ = {isa = PBXFileReference; fileEncoding = 4; lastKnownFileType = sourcecode.c.h; path = MASViewAttribute.h; sourceTree = "<group>"; };
		6295303B1C045BC200558652 /* MASViewAttribute.m */ = {isa = PBXFileReference; fileEncoding = 4; lastKnownFileType = sourcecode.c.objc; path = MASViewAttribute.m; sourceTree = "<group>"; };
		6295303C1C045BC200558652 /* MASViewConstraint.h */ = {isa = PBXFileReference; fileEncoding = 4; lastKnownFileType = sourcecode.c.h; path = MASViewConstraint.h; sourceTree = "<group>"; };
		6295303D1C045BC200558652 /* MASViewConstraint.m */ = {isa = PBXFileReference; fileEncoding = 4; lastKnownFileType = sourcecode.c.objc; path = MASViewConstraint.m; sourceTree = "<group>"; };
		6295303E1C045BC200558652 /* NSArray+MASAdditions.h */ = {isa = PBXFileReference; fileEncoding = 4; lastKnownFileType = sourcecode.c.h; path = "NSArray+MASAdditions.h"; sourceTree = "<group>"; };
		6295303F1C045BC200558652 /* NSArray+MASAdditions.m */ = {isa = PBXFileReference; fileEncoding = 4; lastKnownFileType = sourcecode.c.objc; path = "NSArray+MASAdditions.m"; sourceTree = "<group>"; };
		629530401C045BC200558652 /* NSArray+MASShorthandAdditions.h */ = {isa = PBXFileReference; fileEncoding = 4; lastKnownFileType = sourcecode.c.h; path = "NSArray+MASShorthandAdditions.h"; sourceTree = "<group>"; };
		629530411C045BC200558652 /* NSLayoutConstraint+MASDebugAdditions.h */ = {isa = PBXFileReference; fileEncoding = 4; lastKnownFileType = sourcecode.c.h; path = "NSLayoutConstraint+MASDebugAdditions.h"; sourceTree = "<group>"; };
		629530421C045BC200558652 /* NSLayoutConstraint+MASDebugAdditions.m */ = {isa = PBXFileReference; fileEncoding = 4; lastKnownFileType = sourcecode.c.objc; path = "NSLayoutConstraint+MASDebugAdditions.m"; sourceTree = "<group>"; };
		629530431C045BC200558652 /* View+MASAdditions.h */ = {isa = PBXFileReference; fileEncoding = 4; lastKnownFileType = sourcecode.c.h; path = "View+MASAdditions.h"; sourceTree = "<group>"; };
		629530441C045BC200558652 /* View+MASAdditions.m */ = {isa = PBXFileReference; fileEncoding = 4; lastKnownFileType = sourcecode.c.objc; path = "View+MASAdditions.m"; sourceTree = "<group>"; };
		629530451C045BC200558652 /* View+MASShorthandAdditions.h */ = {isa = PBXFileReference; fileEncoding = 4; lastKnownFileType = sourcecode.c.h; path = "View+MASShorthandAdditions.h"; sourceTree = "<group>"; };
		629530461C045BC200558652 /* ViewController+MASAdditions.h */ = {isa = PBXFileReference; fileEncoding = 4; lastKnownFileType = sourcecode.c.h; path = "ViewController+MASAdditions.h"; sourceTree = "<group>"; };
		629530471C045BC200558652 /* ViewController+MASAdditions.m */ = {isa = PBXFileReference; fileEncoding = 4; lastKnownFileType = sourcecode.c.objc; path = "ViewController+MASAdditions.m"; sourceTree = "<group>"; };
		62A2C54E1C04413C00B8BEBE /* JYQQMusic.app */ = {isa = PBXFileReference; explicitFileType = wrapper.application; includeInIndex = 0; path = JYQQMusic.app; sourceTree = BUILT_PRODUCTS_DIR; };
		62A2C5521C04413C00B8BEBE /* main.m */ = {isa = PBXFileReference; lastKnownFileType = sourcecode.c.objc; path = main.m; sourceTree = "<group>"; };
		62A2C5541C04413C00B8BEBE /* AppDelegate.h */ = {isa = PBXFileReference; lastKnownFileType = sourcecode.c.h; path = AppDelegate.h; sourceTree = "<group>"; };
		62A2C5551C04413C00B8BEBE /* AppDelegate.m */ = {isa = PBXFileReference; lastKnownFileType = sourcecode.c.objc; path = AppDelegate.m; sourceTree = "<group>"; };
		62A2C55B1C04413C00B8BEBE /* Base */ = {isa = PBXFileReference; lastKnownFileType = file.storyboard; name = Base; path = Base.lproj/Main.storyboard; sourceTree = "<group>"; };
		62A2C55D1C04413C00B8BEBE /* Assets.xcassets */ = {isa = PBXFileReference; lastKnownFileType = folder.assetcatalog; path = Assets.xcassets; sourceTree = "<group>"; };
		62A2C5601C04413C00B8BEBE /* Base */ = {isa = PBXFileReference; lastKnownFileType = file.storyboard; name = Base; path = Base.lproj/LaunchScreen.storyboard; sourceTree = "<group>"; };
		62A2C5621C04413C00B8BEBE /* Info.plist */ = {isa = PBXFileReference; lastKnownFileType = text.plist.xml; path = Info.plist; sourceTree = "<group>"; };
		62A2C5671C04413C00B8BEBE /* JYQQMusicTests.xctest */ = {isa = PBXFileReference; explicitFileType = wrapper.cfbundle; includeInIndex = 0; path = JYQQMusicTests.xctest; sourceTree = BUILT_PRODUCTS_DIR; };
		62A2C56B1C04413C00B8BEBE /* JYQQMusicTests.m */ = {isa = PBXFileReference; lastKnownFileType = sourcecode.c.objc; path = JYQQMusicTests.m; sourceTree = "<group>"; };
		62A2C56D1C04413C00B8BEBE /* Info.plist */ = {isa = PBXFileReference; lastKnownFileType = text.plist.xml; path = Info.plist; sourceTree = "<group>"; };
		62A2C5721C04413C00B8BEBE /* JYQQMusicUITests.xctest */ = {isa = PBXFileReference; explicitFileType = wrapper.cfbundle; includeInIndex = 0; path = JYQQMusicUITests.xctest; sourceTree = BUILT_PRODUCTS_DIR; };
		62A2C5761C04413C00B8BEBE /* JYQQMusicUITests.m */ = {isa = PBXFileReference; lastKnownFileType = sourcecode.c.objc; path = JYQQMusicUITests.m; sourceTree = "<group>"; };
		62A2C5781C04413C00B8BEBE /* Info.plist */ = {isa = PBXFileReference; lastKnownFileType = text.plist.xml; path = Info.plist; sourceTree = "<group>"; };
/* End PBXFileReference section */

/* Begin PBXFrameworksBuildPhase section */
		62A2C54B1C04413C00B8BEBE /* Frameworks */ = {
			isa = PBXFrameworksBuildPhase;
			buildActionMask = 2147483647;
			files = (
			);
			runOnlyForDeploymentPostprocessing = 0;
		};
		62A2C5641C04413C00B8BEBE /* Frameworks */ = {
			isa = PBXFrameworksBuildPhase;
			buildActionMask = 2147483647;
			files = (
			);
			runOnlyForDeploymentPostprocessing = 0;
		};
		62A2C56F1C04413C00B8BEBE /* Frameworks */ = {
			isa = PBXFrameworksBuildPhase;
			buildActionMask = 2147483647;
			files = (
			);
			runOnlyForDeploymentPostprocessing = 0;
		};
/* End PBXFrameworksBuildPhase section */

/* Begin PBXGroup section */
		62952F5B1C044F3B00558652 /* Other */ = {
			isa = PBXGroup;
			children = (
				62952F5C1C044F3B00558652 /* Category */,
				62952F5D1C044F3B00558652 /* Resource */,
				62952F5E1C044F3B00558652 /* ThirdParty */,
				62952F5F1C044F3B00558652 /* Tool */,
			);
			path = Other;
			sourceTree = "<group>";
		};
		62952F5C1C044F3B00558652 /* Category */ = {
			isa = PBXGroup;
			children = (
			);
			path = Category;
			sourceTree = "<group>";
		};
		62952F5D1C044F3B00558652 /* Resource */ = {
			isa = PBXGroup;
			children = (
				62952F631C0450D500558652 /* Musics.plist */,
			);
			path = Resource;
			sourceTree = "<group>";
		};
		62952F5E1C044F3B00558652 /* ThirdParty */ = {
			isa = PBXGroup;
			children = (
				6295302D1C045BC200558652 /* Masonry */,
				629530071C04550000558652 /* MJExtension */,
			);
			path = ThirdParty;
			sourceTree = "<group>";
		};
		62952F5F1C044F3B00558652 /* Tool */ = {
			isa = PBXGroup;
			children = (
				62952F601C044F6A00558652 /* JYDataTool.h */,
				62952F611C044F6A00558652 /* JYDataTool.m */,
			);
			path = Tool;
			sourceTree = "<group>";
		};
		629530071C04550000558652 /* MJExtension */ = {
			isa = PBXGroup;
			children = (
				629530081C04550000558652 /* MJDictionaryCache.h */,
				629530091C04550000558652 /* MJDictionaryCache.m */,
				6295300A1C04550000558652 /* MJExtension.h */,
				6295300B1C04550000558652 /* MJExtensionConst.h */,
				6295300C1C04550000558652 /* MJExtensionConst.m */,
				6295300D1C04550000558652 /* MJFoundation.h */,
				6295300E1C04550000558652 /* MJFoundation.m */,
				6295300F1C04550000558652 /* MJProperty.h */,
				629530101C04550000558652 /* MJProperty.m */,
				629530111C04550000558652 /* MJPropertyKey.h */,
				629530121C04550000558652 /* MJPropertyKey.m */,
				629530131C04550000558652 /* MJPropertyType.h */,
				629530141C04550000558652 /* MJPropertyType.m */,
				629530151C04550000558652 /* NSObject+MJClass.h */,
				629530161C04550000558652 /* NSObject+MJClass.m */,
				629530171C04550000558652 /* NSObject+MJCoding.h */,
				629530181C04550000558652 /* NSObject+MJCoding.m */,
				629530191C04550000558652 /* NSObject+MJKeyValue.h */,
				6295301A1C04550000558652 /* NSObject+MJKeyValue.m */,
				6295301B1C04550000558652 /* NSObject+MJProperty.h */,
				6295301C1C04550000558652 /* NSObject+MJProperty.m */,
				6295301D1C04550000558652 /* NSString+MJExtension.h */,
				6295301E1C04550000558652 /* NSString+MJExtension.m */,
			);
			path = MJExtension;
			sourceTree = "<group>";
		};
		6295302D1C045BC200558652 /* Masonry */ = {
			isa = PBXGroup;
			children = (
				6295302F1C045BC200558652 /* MASCompositeConstraint.h */,
				629530301C045BC200558652 /* MASCompositeConstraint.m */,
				629530311C045BC200558652 /* MASConstraint+Private.h */,
				629530321C045BC200558652 /* MASConstraint.h */,
				629530331C045BC200558652 /* MASConstraint.m */,
				629530341C045BC200558652 /* MASConstraintMaker.h */,
				629530351C045BC200558652 /* MASConstraintMaker.m */,
				629530361C045BC200558652 /* MASLayoutConstraint.h */,
				629530371C045BC200558652 /* MASLayoutConstraint.m */,
				629530381C045BC200558652 /* Masonry.h */,
				629530391C045BC200558652 /* MASUtilities.h */,
				6295303A1C045BC200558652 /* MASViewAttribute.h */,
				6295303B1C045BC200558652 /* MASViewAttribute.m */,
				6295303C1C045BC200558652 /* MASViewConstraint.h */,
				6295303D1C045BC200558652 /* MASViewConstraint.m */,
				6295303E1C045BC200558652 /* NSArray+MASAdditions.h */,
				6295303F1C045BC200558652 /* NSArray+MASAdditions.m */,
				629530401C045BC200558652 /* NSArray+MASShorthandAdditions.h */,
				629530411C045BC200558652 /* NSLayoutConstraint+MASDebugAdditions.h */,
				629530421C045BC200558652 /* NSLayoutConstraint+MASDebugAdditions.m */,
				629530431C045BC200558652 /* View+MASAdditions.h */,
				629530441C045BC200558652 /* View+MASAdditions.m */,
				629530451C045BC200558652 /* View+MASShorthandAdditions.h */,
				629530461C045BC200558652 /* ViewController+MASAdditions.h */,
				629530471C045BC200558652 /* ViewController+MASAdditions.m */,
			);
			path = Masonry;
			sourceTree = "<group>";
		};
		62A2C5451C04413C00B8BEBE = {
			isa = PBXGroup;
			children = (
				62A2C5501C04413C00B8BEBE /* JYQQMusic */,
				62A2C56A1C04413C00B8BEBE /* JYQQMusicTests */,
				62A2C5751C04413C00B8BEBE /* JYQQMusicUITests */,
				62A2C54F1C04413C00B8BEBE /* Products */,
			);
			sourceTree = "<group>";
		};
		62A2C54F1C04413C00B8BEBE /* Products */ = {
			isa = PBXGroup;
			children = (
				62A2C54E1C04413C00B8BEBE /* JYQQMusic.app */,
				62A2C5671C04413C00B8BEBE /* JYQQMusicTests.xctest */,
				62A2C5721C04413C00B8BEBE /* JYQQMusicUITests.xctest */,
			);
			name = Products;
			sourceTree = "<group>";
		};
		62A2C5501C04413C00B8BEBE /* JYQQMusic */ = {
			isa = PBXGroup;
			children = (
				62952F5B1C044F3B00558652 /* Other */,
				62A2C5841C0441C200B8BEBE /* DetailInterface */,
				62A2C58C1C0441C200B8BEBE /* PlayInterface */,
				62A2C5901C0441D200B8BEBE /* System */,
				62A2C5881C0441C200B8BEBE /* ListInterface */,
				62A2C5511C04413C00B8BEBE /* Supporting Files */,
			);
			path = JYQQMusic;
			sourceTree = "<group>";
		};
		62A2C5511C04413C00B8BEBE /* Supporting Files */ = {
			isa = PBXGroup;
			children = (
				62A2C5521C04413C00B8BEBE /* main.m */,
			);
			name = "Supporting Files";
			sourceTree = "<group>";
		};
		62A2C56A1C04413C00B8BEBE /* JYQQMusicTests */ = {
			isa = PBXGroup;
			children = (
				62A2C56B1C04413C00B8BEBE /* JYQQMusicTests.m */,
				62A2C56D1C04413C00B8BEBE /* Info.plist */,
			);
			path = JYQQMusicTests;
			sourceTree = "<group>";
		};
		62A2C5751C04413C00B8BEBE /* JYQQMusicUITests */ = {
			isa = PBXGroup;
			children = (
				62A2C5761C04413C00B8BEBE /* JYQQMusicUITests.m */,
				62A2C5781C04413C00B8BEBE /* Info.plist */,
			);
			path = JYQQMusicUITests;
			sourceTree = "<group>";
		};
		62A2C5841C0441C200B8BEBE /* DetailInterface */ = {
			isa = PBXGroup;
			children = (
				62A2C5851C0441C200B8BEBE /* Controller */,
				62A2C5861C0441C200B8BEBE /* Model */,
				62A2C5871C0441C200B8BEBE /* View */,
			);
			path = DetailInterface;
			sourceTree = "<group>";
		};
		62A2C5851C0441C200B8BEBE /* Controller */ = {
			isa = PBXGroup;
			children = (
			);
			path = Controller;
			sourceTree = "<group>";
		};
		62A2C5861C0441C200B8BEBE /* Model */ = {
			isa = PBXGroup;
			children = (
			);
			path = Model;
			sourceTree = "<group>";
		};
		62A2C5871C0441C200B8BEBE /* View */ = {
			isa = PBXGroup;
			children = (
			);
			path = View;
			sourceTree = "<group>";
		};
		62A2C5881C0441C200B8BEBE /* ListInterface */ = {
			isa = PBXGroup;
			children = (
				62A2C5891C0441C200B8BEBE /* Controller */,
				62A2C58A1C0441C200B8BEBE /* Model */,
				62A2C58B1C0441C200B8BEBE /* View */,
			);
			path = ListInterface;
			sourceTree = "<group>";
		};
		62A2C5891C0441C200B8BEBE /* Controller */ = {
			isa = PBXGroup;
			children = (
				62952F551C04473A00558652 /* JYListViewController.h */,
				62952F561C04473A00558652 /* JYListViewController.m */,
			);
			path = Controller;
			sourceTree = "<group>";
		};
		62A2C58A1C0441C200B8BEBE /* Model */ = {
			isa = PBXGroup;
			children = (
				62952F651C04510100558652 /* JYSong.h */,
				62952F661C04510100558652 /* JYSong.m */,
				62952F581C044D4500558652 /* JYListTableViewDataSource.h */,
				62952F591C044D4500558652 /* JYListTableViewDataSource.m */,
			);
			path = Model;
			sourceTree = "<group>";
		};
		62A2C58B1C0441C200B8BEBE /* View */ = {
			isa = PBXGroup;
			children = (
				6295302A1C045AD900558652 /* JYListTableViewCell.h */,
				6295302B1C045AD900558652 /* JYListTableViewCell.m */,
			);
			path = View;
			sourceTree = "<group>";
		};
		62A2C58C1C0441C200B8BEBE /* PlayInterface */ = {
			isa = PBXGroup;
			children = (
				62A2C58D1C0441C200B8BEBE /* Controller */,
				62A2C58E1C0441C200B8BEBE /* Model */,
				62A2C58F1C0441C200B8BEBE /* View */,
			);
			path = PlayInterface;
			sourceTree = "<group>";
		};
		62A2C58D1C0441C200B8BEBE /* Controller */ = {
			isa = PBXGroup;
			children = (
				628838391C05830900C2C4A2 /* JYPlayViewController.h */,
				6288383A1C05830900C2C4A2 /* JYPlayViewController.m */,
			);
			path = Controller;
			sourceTree = "<group>";
		};
		62A2C58E1C0441C200B8BEBE /* Model */ = {
			isa = PBXGroup;
			children = (
			);
			path = Model;
			sourceTree = "<group>";
		};
		62A2C58F1C0441C200B8BEBE /* View */ = {
			isa = PBXGroup;
			children = (
				6288383C1C058D1B00C2C4A2 /* JYPlayHeaderView.h */,
				6288383D1C058D1B00C2C4A2 /* JYPlayHeaderView.m */,
				6288383F1C05A27000C2C4A2 /* JYPlayOperationView.h */,
				628838401C05A27000C2C4A2 /* JYPlayOperationView.m */,
			);
			path = View;
			sourceTree = "<group>";
		};
		62A2C5901C0441D200B8BEBE /* System */ = {
			isa = PBXGroup;
			children = (
				62A2C5541C04413C00B8BEBE /* AppDelegate.h */,
				62A2C5551C04413C00B8BEBE /* AppDelegate.m */,
				62A2C55A1C04413C00B8BEBE /* Main.storyboard */,
				62A2C55D1C04413C00B8BEBE /* Assets.xcassets */,
				62A2C55F1C04413C00B8BEBE /* LaunchScreen.storyboard */,
				62A2C5621C04413C00B8BEBE /* Info.plist */,
			);
			name = System;
			sourceTree = "<group>";
		};
/* End PBXGroup section */

/* Begin PBXNativeTarget section */
		62A2C54D1C04413C00B8BEBE /* JYQQMusic */ = {
			isa = PBXNativeTarget;
			buildConfigurationList = 62A2C57B1C04413C00B8BEBE /* Build configuration list for PBXNativeTarget "JYQQMusic" */;
			buildPhases = (
				62A2C54A1C04413C00B8BEBE /* Sources */,
				62A2C54B1C04413C00B8BEBE /* Frameworks */,
				62A2C54C1C04413C00B8BEBE /* Resources */,
			);
			buildRules = (
			);
			dependencies = (
			);
			name = JYQQMusic;
			productName = JYQQMusic;
			productReference = 62A2C54E1C04413C00B8BEBE /* JYQQMusic.app */;
			productType = "com.apple.product-type.application";
		};
		62A2C5661C04413C00B8BEBE /* JYQQMusicTests */ = {
			isa = PBXNativeTarget;
			buildConfigurationList = 62A2C57E1C04413C00B8BEBE /* Build configuration list for PBXNativeTarget "JYQQMusicTests" */;
			buildPhases = (
				62A2C5631C04413C00B8BEBE /* Sources */,
				62A2C5641C04413C00B8BEBE /* Frameworks */,
				62A2C5651C04413C00B8BEBE /* Resources */,
			);
			buildRules = (
			);
			dependencies = (
				62A2C5691C04413C00B8BEBE /* PBXTargetDependency */,
			);
			name = JYQQMusicTests;
			productName = JYQQMusicTests;
			productReference = 62A2C5671C04413C00B8BEBE /* JYQQMusicTests.xctest */;
			productType = "com.apple.product-type.bundle.unit-test";
		};
		62A2C5711C04413C00B8BEBE /* JYQQMusicUITests */ = {
			isa = PBXNativeTarget;
			buildConfigurationList = 62A2C5811C04413C00B8BEBE /* Build configuration list for PBXNativeTarget "JYQQMusicUITests" */;
			buildPhases = (
				62A2C56E1C04413C00B8BEBE /* Sources */,
				62A2C56F1C04413C00B8BEBE /* Frameworks */,
				62A2C5701C04413C00B8BEBE /* Resources */,
			);
			buildRules = (
			);
			dependencies = (
				62A2C5741C04413C00B8BEBE /* PBXTargetDependency */,
			);
			name = JYQQMusicUITests;
			productName = JYQQMusicUITests;
			productReference = 62A2C5721C04413C00B8BEBE /* JYQQMusicUITests.xctest */;
			productType = "com.apple.product-type.bundle.ui-testing";
		};
/* End PBXNativeTarget section */

/* Begin PBXProject section */
		62A2C5461C04413C00B8BEBE /* Project object */ = {
			isa = PBXProject;
			attributes = {
				LastUpgradeCheck = 0710;
				ORGANIZATIONNAME = Joyann;
				TargetAttributes = {
					62A2C54D1C04413C00B8BEBE = {
						CreatedOnToolsVersion = 7.1.1;
						DevelopmentTeam = H29L2FRL6G;
					};
					62A2C5661C04413C00B8BEBE = {
						CreatedOnToolsVersion = 7.1.1;
						DevelopmentTeam = H29L2FRL6G;
						TestTargetID = 62A2C54D1C04413C00B8BEBE;
					};
					62A2C5711C04413C00B8BEBE = {
						CreatedOnToolsVersion = 7.1.1;
						DevelopmentTeam = H29L2FRL6G;
						TestTargetID = 62A2C54D1C04413C00B8BEBE;
					};
				};
			};
			buildConfigurationList = 62A2C5491C04413C00B8BEBE /* Build configuration list for PBXProject "JYQQMusic" */;
			compatibilityVersion = "Xcode 3.2";
			developmentRegion = English;
			hasScannedForEncodings = 0;
			knownRegions = (
				en,
				Base,
			);
			mainGroup = 62A2C5451C04413C00B8BEBE;
			productRefGroup = 62A2C54F1C04413C00B8BEBE /* Products */;
			projectDirPath = "";
			projectRoot = "";
			targets = (
				62A2C54D1C04413C00B8BEBE /* JYQQMusic */,
				62A2C5661C04413C00B8BEBE /* JYQQMusicTests */,
				62A2C5711C04413C00B8BEBE /* JYQQMusicUITests */,
			);
		};
/* End PBXProject section */

/* Begin PBXResourcesBuildPhase section */
		62A2C54C1C04413C00B8BEBE /* Resources */ = {
			isa = PBXResourcesBuildPhase;
			buildActionMask = 2147483647;
			files = (
				62A2C5611C04413C00B8BEBE /* LaunchScreen.storyboard in Resources */,
				62A2C55E1C04413C00B8BEBE /* Assets.xcassets in Resources */,
				62952F641C0450D500558652 /* Musics.plist in Resources */,
				62A2C55C1C04413C00B8BEBE /* Main.storyboard in Resources */,
			);
			runOnlyForDeploymentPostprocessing = 0;
		};
		62A2C5651C04413C00B8BEBE /* Resources */ = {
			isa = PBXResourcesBuildPhase;
			buildActionMask = 2147483647;
			files = (
			);
			runOnlyForDeploymentPostprocessing = 0;
		};
		62A2C5701C04413C00B8BEBE /* Resources */ = {
			isa = PBXResourcesBuildPhase;
			buildActionMask = 2147483647;
			files = (
			);
			runOnlyForDeploymentPostprocessing = 0;
		};
/* End PBXResourcesBuildPhase section */

/* Begin PBXSourcesBuildPhase section */
		62A2C54A1C04413C00B8BEBE /* Sources */ = {
			isa = PBXSourcesBuildPhase;
			buildActionMask = 2147483647;
			files = (
				6295302C1C045AD900558652 /* JYListTableViewCell.m in Sources */,
				629530261C04550100558652 /* NSObject+MJCoding.m in Sources */,
				629530201C04550000558652 /* MJExtensionConst.m in Sources */,
				629530251C04550100558652 /* NSObject+MJClass.m in Sources */,
				628838411C05A27000C2C4A2 /* JYPlayOperationView.m in Sources */,
				6295304A1C045BC200558652 /* MASConstraint.m in Sources */,
				6295304D1C045BC200558652 /* MASViewAttribute.m in Sources */,
				629530231C04550100558652 /* MJPropertyKey.m in Sources */,
				629530491C045BC200558652 /* MASCompositeConstraint.m in Sources */,
				629530511C045BC200558652 /* View+MASAdditions.m in Sources */,
				62A2C5561C04413C00B8BEBE /* AppDelegate.m in Sources */,
				62952F621C044F6A00558652 /* JYDataTool.m in Sources */,
				629530221C04550100558652 /* MJProperty.m in Sources */,
				629530211C04550000558652 /* MJFoundation.m in Sources */,
				6295304F1C045BC200558652 /* NSArray+MASAdditions.m in Sources */,
				629530501C045BC200558652 /* NSLayoutConstraint+MASDebugAdditions.m in Sources */,
				6295301F1C04550000558652 /* MJDictionaryCache.m in Sources */,
				6288383B1C05830900C2C4A2 /* JYPlayViewController.m in Sources */,
				62952F571C04473A00558652 /* JYListViewController.m in Sources */,
				6288383E1C058D1B00C2C4A2 /* JYPlayHeaderView.m in Sources */,
				62952F671C04510100558652 /* JYSong.m in Sources */,
				629530521C045BC200558652 /* ViewController+MASAdditions.m in Sources */,
				6295304E1C045BC200558652 /* MASViewConstraint.m in Sources */,
				6295304B1C045BC200558652 /* MASConstraintMaker.m in Sources */,
				629530241C04550100558652 /* MJPropertyType.m in Sources */,
				62A2C5531C04413C00B8BEBE /* main.m in Sources */,
				629530271C04550100558652 /* NSObject+MJKeyValue.m in Sources */,
				6295304C1C045BC200558652 /* MASLayoutConstraint.m in Sources */,
				629530291C04550100558652 /* NSString+MJExtension.m in Sources */,
				62952F5A1C044D4500558652 /* JYListTableViewDataSource.m in Sources */,
				629530281C04550100558652 /* NSObject+MJProperty.m in Sources */,
			);
			runOnlyForDeploymentPostprocessing = 0;
		};
		62A2C5631C04413C00B8BEBE /* Sources */ = {
			isa = PBXSourcesBuildPhase;
			buildActionMask = 2147483647;
			files = (
				62A2C56C1C04413C00B8BEBE /* JYQQMusicTests.m in Sources */,
			);
			runOnlyForDeploymentPostprocessing = 0;
		};
		62A2C56E1C04413C00B8BEBE /* Sources */ = {
			isa = PBXSourcesBuildPhase;
			buildActionMask = 2147483647;
			files = (
				62A2C5771C04413C00B8BEBE /* JYQQMusicUITests.m in Sources */,
			);
			runOnlyForDeploymentPostprocessing = 0;
		};
/* End PBXSourcesBuildPhase section */

/* Begin PBXTargetDependency section */
		62A2C5691C04413C00B8BEBE /* PBXTargetDependency */ = {
			isa = PBXTargetDependency;
			target = 62A2C54D1C04413C00B8BEBE /* JYQQMusic */;
			targetProxy = 62A2C5681C04413C00B8BEBE /* PBXContainerItemProxy */;
		};
		62A2C5741C04413C00B8BEBE /* PBXTargetDependency */ = {
			isa = PBXTargetDependency;
			target = 62A2C54D1C04413C00B8BEBE /* JYQQMusic */;
			targetProxy = 62A2C5731C04413C00B8BEBE /* PBXContainerItemProxy */;
		};
/* End PBXTargetDependency section */

/* Begin PBXVariantGroup section */
		62A2C55A1C04413C00B8BEBE /* Main.storyboard */ = {
			isa = PBXVariantGroup;
			children = (
				62A2C55B1C04413C00B8BEBE /* Base */,
			);
			name = Main.storyboard;
			sourceTree = "<group>";
		};
		62A2C55F1C04413C00B8BEBE /* LaunchScreen.storyboard */ = {
			isa = PBXVariantGroup;
			children = (
				62A2C5601C04413C00B8BEBE /* Base */,
			);
			name = LaunchScreen.storyboard;
			sourceTree = "<group>";
		};
/* End PBXVariantGroup section */

/* Begin XCBuildConfiguration section */
		62A2C5791C04413C00B8BEBE /* Debug */ = {
			isa = XCBuildConfiguration;
			buildSettings = {
				ALWAYS_SEARCH_USER_PATHS = NO;
				CLANG_CXX_LANGUAGE_STANDARD = "gnu++0x";
				CLANG_CXX_LIBRARY = "libc++";
				CLANG_ENABLE_MODULES = YES;
				CLANG_ENABLE_OBJC_ARC = YES;
				CLANG_WARN_BOOL_CONVERSION = YES;
				CLANG_WARN_CONSTANT_CONVERSION = YES;
				CLANG_WARN_DIRECT_OBJC_ISA_USAGE = YES_ERROR;
				CLANG_WARN_EMPTY_BODY = YES;
				CLANG_WARN_ENUM_CONVERSION = YES;
				CLANG_WARN_INT_CONVERSION = YES;
				CLANG_WARN_OBJC_ROOT_CLASS = YES_ERROR;
				CLANG_WARN_UNREACHABLE_CODE = YES;
				CLANG_WARN__DUPLICATE_METHOD_MATCH = YES;
				"CODE_SIGN_IDENTITY[sdk=iphoneos*]" = "iPhone Developer";
				COPY_PHASE_STRIP = NO;
				DEBUG_INFORMATION_FORMAT = dwarf;
				ENABLE_STRICT_OBJC_MSGSEND = YES;
				ENABLE_TESTABILITY = YES;
				GCC_C_LANGUAGE_STANDARD = gnu99;
				GCC_DYNAMIC_NO_PIC = NO;
				GCC_NO_COMMON_BLOCKS = YES;
				GCC_OPTIMIZATION_LEVEL = 0;
				GCC_PREPROCESSOR_DEFINITIONS = (
					"DEBUG=1",
					"$(inherited)",
				);
				GCC_WARN_64_TO_32_BIT_CONVERSION = YES;
				GCC_WARN_ABOUT_RETURN_TYPE = YES_ERROR;
				GCC_WARN_UNDECLARED_SELECTOR = YES;
				GCC_WARN_UNINITIALIZED_AUTOS = YES_AGGRESSIVE;
				GCC_WARN_UNUSED_FUNCTION = YES;
				GCC_WARN_UNUSED_VARIABLE = YES;
				IPHONEOS_DEPLOYMENT_TARGET = 9.1;
				MTL_ENABLE_DEBUG_INFO = YES;
				ONLY_ACTIVE_ARCH = YES;
				SDKROOT = iphoneos;
				TARGETED_DEVICE_FAMILY = "1,2";
			};
			name = Debug;
		};
		62A2C57A1C04413C00B8BEBE /* Release */ = {
			isa = XCBuildConfiguration;
			buildSettings = {
				ALWAYS_SEARCH_USER_PATHS = NO;
				CLANG_CXX_LANGUAGE_STANDARD = "gnu++0x";
				CLANG_CXX_LIBRARY = "libc++";
				CLANG_ENABLE_MODULES = YES;
				CLANG_ENABLE_OBJC_ARC = YES;
				CLANG_WARN_BOOL_CONVERSION = YES;
				CLANG_WARN_CONSTANT_CONVERSION = YES;
				CLANG_WARN_DIRECT_OBJC_ISA_USAGE = YES_ERROR;
				CLANG_WARN_EMPTY_BODY = YES;
				CLANG_WARN_ENUM_CONVERSION = YES;
				CLANG_WARN_INT_CONVERSION = YES;
				CLANG_WARN_OBJC_ROOT_CLASS = YES_ERROR;
				CLANG_WARN_UNREACHABLE_CODE = YES;
				CLANG_WARN__DUPLICATE_METHOD_MATCH = YES;
				"CODE_SIGN_IDENTITY[sdk=iphoneos*]" = "iPhone Developer";
				COPY_PHASE_STRIP = NO;
				DEBUG_INFORMATION_FORMAT = "dwarf-with-dsym";
				ENABLE_NS_ASSERTIONS = NO;
				ENABLE_STRICT_OBJC_MSGSEND = YES;
				GCC_C_LANGUAGE_STANDARD = gnu99;
				GCC_NO_COMMON_BLOCKS = YES;
				GCC_WARN_64_TO_32_BIT_CONVERSION = YES;
				GCC_WARN_ABOUT_RETURN_TYPE = YES_ERROR;
				GCC_WARN_UNDECLARED_SELECTOR = YES;
				GCC_WARN_UNINITIALIZED_AUTOS = YES_AGGRESSIVE;
				GCC_WARN_UNUSED_FUNCTION = YES;
				GCC_WARN_UNUSED_VARIABLE = YES;
				IPHONEOS_DEPLOYMENT_TARGET = 9.1;
				MTL_ENABLE_DEBUG_INFO = NO;
				SDKROOT = iphoneos;
				TARGETED_DEVICE_FAMILY = "1,2";
				VALIDATE_PRODUCT = YES;
			};
			name = Release;
		};
		62A2C57C1C04413C00B8BEBE /* Debug */ = {
			isa = XCBuildConfiguration;
			buildSettings = {
				ASSETCATALOG_COMPILER_APPICON_NAME = AppIcon;
				INFOPLIST_FILE = JYQQMusic/Info.plist;
				LD_RUNPATH_SEARCH_PATHS = "$(inherited) @executable_path/Frameworks";
				PRODUCT_BUNDLE_IDENTIFIER = com.joyann.JYQQMusic;
				PRODUCT_NAME = "$(TARGET_NAME)";
			};
			name = Debug;
		};
		62A2C57D1C04413C00B8BEBE /* Release */ = {
			isa = XCBuildConfiguration;
			buildSettings = {
				ASSETCATALOG_COMPILER_APPICON_NAME = AppIcon;
				INFOPLIST_FILE = JYQQMusic/Info.plist;
				LD_RUNPATH_SEARCH_PATHS = "$(inherited) @executable_path/Frameworks";
				PRODUCT_BUNDLE_IDENTIFIER = com.joyann.JYQQMusic;
				PRODUCT_NAME = "$(TARGET_NAME)";
			};
			name = Release;
		};
		62A2C57F1C04413C00B8BEBE /* Debug */ = {
			isa = XCBuildConfiguration;
			buildSettings = {
				BUNDLE_LOADER = "$(TEST_HOST)";
				INFOPLIST_FILE = JYQQMusicTests/Info.plist;
				LD_RUNPATH_SEARCH_PATHS = "$(inherited) @executable_path/Frameworks @loader_path/Frameworks";
				PRODUCT_BUNDLE_IDENTIFIER = com.joyann.JYQQMusicTests;
				PRODUCT_NAME = "$(TARGET_NAME)";
				TEST_HOST = "$(BUILT_PRODUCTS_DIR)/JYQQMusic.app/JYQQMusic";
			};
			name = Debug;
		};
		62A2C5801C04413C00B8BEBE /* Release */ = {
			isa = XCBuildConfiguration;
			buildSettings = {
				BUNDLE_LOADER = "$(TEST_HOST)";
				INFOPLIST_FILE = JYQQMusicTests/Info.plist;
				LD_RUNPATH_SEARCH_PATHS = "$(inherited) @executable_path/Frameworks @loader_path/Frameworks";
				PRODUCT_BUNDLE_IDENTIFIER = com.joyann.JYQQMusicTests;
				PRODUCT_NAME = "$(TARGET_NAME)";
				TEST_HOST = "$(BUILT_PRODUCTS_DIR)/JYQQMusic.app/JYQQMusic";
			};
			name = Release;
		};
		62A2C5821C04413C00B8BEBE /* Debug */ = {
			isa = XCBuildConfiguration;
			buildSettings = {
				INFOPLIST_FILE = JYQQMusicUITests/Info.plist;
				LD_RUNPATH_SEARCH_PATHS = "$(inherited) @executable_path/Frameworks @loader_path/Frameworks";
				PRODUCT_BUNDLE_IDENTIFIER = com.joyann.JYQQMusicUITests;
				PRODUCT_NAME = "$(TARGET_NAME)";
				TEST_TARGET_NAME = JYQQMusic;
				USES_XCTRUNNER = YES;
			};
			name = Debug;
		};
		62A2C5831C04413C00B8BEBE /* Release */ = {
			isa = XCBuildConfiguration;
			buildSettings = {
				INFOPLIST_FILE = JYQQMusicUITests/Info.plist;
				LD_RUNPATH_SEARCH_PATHS = "$(inherited) @executable_path/Frameworks @loader_path/Frameworks";
				PRODUCT_BUNDLE_IDENTIFIER = com.joyann.JYQQMusicUITests;
				PRODUCT_NAME = "$(TARGET_NAME)";
				TEST_TARGET_NAME = JYQQMusic;
				USES_XCTRUNNER = YES;
			};
			name = Release;
		};
/* End XCBuildConfiguration section */

/* Begin XCConfigurationList section */
		62A2C5491C04413C00B8BEBE /* Build configuration list for PBXProject "JYQQMusic" */ = {
			isa = XCConfigurationList;
			buildConfigurations = (
				62A2C5791C04413C00B8BEBE /* Debug */,
				62A2C57A1C04413C00B8BEBE /* Release */,
			);
			defaultConfigurationIsVisible = 0;
			defaultConfigurationName = Release;
		};
		62A2C57B1C04413C00B8BEBE /* Build configuration list for PBXNativeTarget "JYQQMusic" */ = {
			isa = XCConfigurationList;
			buildConfigurations = (
				62A2C57C1C04413C00B8BEBE /* Debug */,
				62A2C57D1C04413C00B8BEBE /* Release */,
			);
			defaultConfigurationIsVisible = 0;
			defaultConfigurationName = Release;
		};
		62A2C57E1C04413C00B8BEBE /* Build configuration list for PBXNativeTarget "JYQQMusicTests" */ = {
			isa = XCConfigurationList;
			buildConfigurations = (
				62A2C57F1C04413C00B8BEBE /* Debug */,
				62A2C5801C04413C00B8BEBE /* Release */,
			);
			defaultConfigurationIsVisible = 0;
			defaultConfigurationName = Release;
		};
		62A2C5811C04413C00B8BEBE /* Build configuration list for PBXNativeTarget "JYQQMusicUITests" */ = {
			isa = XCConfigurationList;
			buildConfigurations = (
				62A2C5821C04413C00B8BEBE /* Debug */,
				62A2C5831C04413C00B8BEBE /* Release */,
			);
			defaultConfigurationIsVisible = 0;
			defaultConfigurationName = Release;
		};
/* End XCConfigurationList section */
	};
	rootObject = 62A2C5461C04413C00B8BEBE /* Project object */;
}
